
Microsoft Visual Studio Solution File, Format Version 12.00
# Visual Studio 15
VisualStudioVersion = 15.0.28010.2026
MinimumVisualStudioVersion = 10.0.40219.1
Project("{FAE04EC0-301F-11D3-BF4B-00C04F79EFBC}") = "SLAM2_HENRI_TP3 Application CentreLoisirs", "SLAM2_HENRI_TP3 Application CentreLoisirs\SLAM2_HENRI_TP3 Application CentreLoisirs.csproj", "{F23A3675-7C36-4F11-86D3-E30E76A8E468}"
EndProject
Global
	GlobalSection(SolutionConfigurationPlatforms) = preSolution
		Debug|Any CPU = Debug|Any CPU
		Release|Any CPU = Release|Any CPU
	EndGlobalSection
	GlobalSection(ProjectConfigurationPlatforms) = postSolution
		{F23A3675-7C36-4F11-86D3-E30E76A8E468}.Debug|Any CPU.ActiveCfg = Debug|Any CPU
		{F23A3675-7C36-4F11-86D3-E30E76A8E468}.Debug|Any CPU.Build.0 = Debug|Any CPU
		{F23A3675-7C36-4F11-86D3-E30E76A8E468}.Release|Any CPU.ActiveCfg = Release|Any CPU
		{F23A3675-7C36-4F11-86D3-E30E76A8E468}.Release|Any CPU.Build.0 = Release|Any CPU
	EndGlobalSection
	GlobalSection(SolutionProperties) = preSolution
		HideSolutionNode = FALSE
	EndGlobalSection
	GlobalSection(ExtensibilityGlobals) = postSolution
		SolutionGuid = {9A7D01D3-9CC4-4560-88F6-852B032718B8}
	EndGlobalSection
EndGlobal
